
Microsoft Visual Studio Solution File, Format Version 12.00
# Visual Studio Version 17
VisualStudioVersion = 17.12.35527.113
MinimumVisualStudioVersion = 10.0.40219.1
Project("{FAE04EC0-301F-11D3-BF4B-00C04F79EFBC}") = "FirstDegree", "FirstDegree\FirstDegree.csproj", "{7324F1AC-A837-4504-9F85-9227A1BA9864}"
EndProject
Project("{FAE04EC0-301F-11D3-BF4B-00C04F79EFBC}") = "SimpleCalculation", "SimpleCalculation\SimpleCalculation.csproj", "{C354C4F1-4BC3-48C9-B23F-9AC95D192C04}"
EndProject
Project("{FAE04EC0-301F-11D3-BF4B-00C04F79EFBC}") = "FullStructureProject", "FullStructureProject\FullStructureProject.csproj", "{DBFB4A50-F5AF-4F93-93F9-A9C184430418}"
EndProject
Project("{FAE04EC0-301F-11D3-BF4B-00C04F79EFBC}") = "VarAndDynamic", "VarAndDynamic\VarAndDynamic.csproj", "{C10CC75A-D543-48FC-A06C-1B90C39FBCC6}"
EndProject
Project("{FAE04EC0-301F-11D3-BF4B-00C04F79EFBC}") = "QuadraticEquation", "QuadraticEquation\QuadraticEquation.csproj", "{3E11F244-3DB9-4764-91B8-D83B1B313A13}"
EndProject
Project("{FAE04EC0-301F-11D3-BF4B-00C04F79EFBC}") = "StringInteraction", "StringInteraction\StringInteraction.csproj", "{18BA6770-0639-4FEB-8424-4F0F4F330343}"
EndProject
Project("{FAE04EC0-301F-11D3-BF4B-00C04F79EFBC}") = "CallbyReference", "CallbyReference\CallbyReference.csproj", "{FFC4CB45-FCCB-41FB-941A-54EB4651ED6F}"
EndProject
Project("{FAE04EC0-301F-11D3-BF4B-00C04F79EFBC}") = "TryParseAndLoop", "TryParseAndLoop\TryParseAndLoop.csproj", "{7368AC5E-4652-49A1-AB76-54EEE9F1AA57}"
EndProject
Project("{FAE04EC0-301F-11D3-BF4B-00C04F79EFBC}") = "NewArray", "NewArray\NewArray.csproj", "{E9951F71-9269-4AFC-866A-EB4E38CA1DF2}"
EndProject
Project("{FAE04EC0-301F-11D3-BF4B-00C04F79EFBC}") = "StaticAndNonStatic", "StaticAndNonStatic\StaticAndNonStatic.csproj", "{256B72D7-5349-49A4-A4C0-14DB4441EB2C}"
EndProject
Project("{FAE04EC0-301F-11D3-BF4B-00C04F79EFBC}") = "Tuple", "Tuple\Tuple.csproj", "{1BDCEA32-2D2E-43DE-A746-C291199183CD}"
EndProject
Project("{FAE04EC0-301F-11D3-BF4B-00C04F79EFBC}") = "SortArray", "SortArray\SortArray.csproj", "{DFB0B961-1DE8-4B19-A29E-60B35A9805C4}"
EndProject
Project("{FAE04EC0-301F-11D3-BF4B-00C04F79EFBC}") = "NestedLoop", "NestedLoop\NestedLoop.csproj", "{E9FCCB7A-B5B5-4129-BB29-F11F0F2677F7}"
EndProject
Project("{FAE04EC0-301F-11D3-BF4B-00C04F79EFBC}") = "OOP1", "OOP1\OOP1.csproj", "{436DD99C-B1D3-490D-84B1-ED37EEFAC1A8}"
EndProject
Project("{FAE04EC0-301F-11D3-BF4B-00C04F79EFBC}") = "OOP2", "OOP2\OOP2.csproj", "{4D1E455D-0918-4906-AF1C-8BE167DA63D4}"
EndProject
Project("{FAE04EC0-301F-11D3-BF4B-00C04F79EFBC}") = "OOP3_ExtensionMethod", "OOP3_ExtensionMethod\OOP3_ExtensionMethod.csproj", "{A4941DD4-3071-4809-BA62-C31A2032B3B7}"
EndProject
Project("{FAE04EC0-301F-11D3-BF4B-00C04F79EFBC}") = "OOP2_Reuse_As_Library", "OOP2_Reuse_As_Library\OOP2_Reuse_As_Library.csproj", "{CC6884B0-DEA7-4169-A2ED-7A8FE4454D24}"
EndProject
Project("{FAE04EC0-301F-11D3-BF4B-00C04F79EFBC}") = "OOP4_Generic_Collection", "OOP4_Generic_Collection\OOP4_Generic_Collection.csproj", "{AC080385-0264-4853-8BDC-879CCEB5A335}"
EndProject
Project("{FAE04EC0-301F-11D3-BF4B-00C04F79EFBC}") = "OOP5_Dictionary", "OOP5_Dictionary\OOP5_Dictionary.csproj", "{0330B6D7-1B23-4EFB-9728-4E0A55D9ADB1}"
EndProject
Project("{2150E333-8FDC-42A3-9474-1A3956D46DE8}") = "Chapter5", "Chapter5", "{5C91DA86-DACF-42B6-AFFF-EDE34D6FE2C3}"
EndProject
Project("{FAE04EC0-301F-11D3-BF4B-00C04F79EFBC}") = "BuilderPattern", "BuilderPattern\BuilderPattern.csproj", "{67263084-EB20-42CC-B834-27C578A4051B}"
EndProject
Project("{FAE04EC0-301F-11D3-BF4B-00C04F79EFBC}") = "PrototypePattern", "PrototypePattern\PrototypePattern.csproj", "{FCE49BEF-FD88-4A78-B18B-803038804AE6}"
EndProject
Project("{FAE04EC0-301F-11D3-BF4B-00C04F79EFBC}") = "SingletonPattern", "SingletonPattern\SingletonPattern.csproj", "{80746D10-D05D-443F-BFA4-B41154B86C3B}"
EndProject
Project("{FAE04EC0-301F-11D3-BF4B-00C04F79EFBC}") = "ObserverPattern", "ObserverPattern\ObserverPattern.csproj", "{18EEA8B8-BBD9-47CA-A931-01955F86450F}"
EndProject
Project("{FAE04EC0-301F-11D3-BF4B-00C04F79EFBC}") = "FactoriesPattern", "FactoriesPattern\FactoriesPattern.csproj", "{3FAA30BA-D47F-47D1-A3BA-8C85F7217A9E}"
EndProject
Project("{FAE04EC0-301F-11D3-BF4B-00C04F79EFBC}") = "DemoAliasAndClone", "DemoAliasAndClone\DemoAliasAndClone.csproj", "{3A7D2973-5673-4BCB-984D-8B64B3DEAFAB}"
EndProject
Project("{2150E333-8FDC-42A3-9474-1A3956D46DE8}") = "Chapter6", "Chapter6", "{8F8F7A7A-4653-469A-A306-382E5FDE3329}"
EndProject
Project("{FAE04EC0-301F-11D3-BF4B-00C04F79EFBC}") = "DemoDelegate", "DemoDelegate\DemoDelegate.csproj", "{11F6B732-D241-4B30-A87D-DF829EC2FF84}"
EndProject
Project("{FAE04EC0-301F-11D3-BF4B-00C04F79EFBC}") = "DemoLINQ2Object1", "DemoLINQ2Object1\DemoLINQ2Object1.csproj", "{4061713C-AA9E-47AF-B7BD-659FDB4766B2}"
EndProject
Project("{FAE04EC0-301F-11D3-BF4B-00C04F79EFBC}") = "DemoLINQ2Object2", "DemoLINQ2Object2\DemoLINQ2Object2.csproj", "{B741B18C-82C7-476A-8BFC-CAB12C946762}"
EndProject
Project("{FAE04EC0-301F-11D3-BF4B-00C04F79EFBC}") = "DemoLINQ2SQL", "DemoLINQ2SQL\DemoLINQ2SQL.csproj", "{FCFE597C-AC38-4B5B-8899-F311249EE6AA}"
EndProject
Project("{FAE04EC0-301F-11D3-BF4B-00C04F79EFBC}") = "Lucy_SalesManagement", "Lucy_SalesManagement\Lucy_SalesManagement.csproj", "{D76583C0-F394-41AC-834B-8535A27FD9D1}"
EndProject
Project("{2150E333-8FDC-42A3-9474-1A3956D46DE8}") = "Chapter7", "Chapter7", "{CC631AF3-CF68-4491-8F79-92E6CB8A5964}"
EndProject
Project("{FAE04EC0-301F-11D3-BF4B-00C04F79EFBC}") = "HelloWpfApp", "HelloWpfApp\HelloWpfApp.csproj", "{1598996B-0194-4910-9F0B-FD50BC608709}"
EndProject
Project("{FAE04EC0-301F-11D3-BF4B-00C04F79EFBC}") = "ButtonControl_TongHop", "ButtonControl_TongHop\ButtonControl_TongHop.csproj", "{B6A40D45-D671-47D6-8E2A-85DFA52D1041}"
EndProject
Project("{FAE04EC0-301F-11D3-BF4B-00C04F79EFBC}") = "CheckBox", "CheckBox\CheckBox.csproj", "{770A2B9F-70F0-4E5E-BBE2-8CACC945C439}"
EndProject
Project("{FAE04EC0-301F-11D3-BF4B-00C04F79EFBC}") = "RadioButton", "RadioButton\RadioButton.csproj", "{F5CF225F-6108-4032-BC0D-1E4C7B2E0D2C}"
EndProject
Project("{FAE04EC0-301F-11D3-BF4B-00C04F79EFBC}") = "ListControl", "ListControl\ListControl.csproj", "{B856AD57-1D54-431A-8F14-1D06D34125FF}"
EndProject
Project("{2150E333-8FDC-42A3-9474-1A3956D46DE8}") = "Chapter7_multi_tier", "Chapter7_multi_tier", "{B014E3CC-F492-4582-9E4E-E0ADC7BC96CE}"
EndProject
Project("{FAE04EC0-301F-11D3-BF4B-00C04F79EFBC}") = "BusinessObject", "BusinessObject\BusinessObject.csproj", "{4B70A494-2726-4A5F-BD46-06948D51B696}"
EndProject
Project("{FAE04EC0-301F-11D3-BF4B-00C04F79EFBC}") = "DataAccessLayer", "DataAccessLayer\DataAccessLayer.csproj", "{5738A00A-4E3F-4A72-9C13-8DEADA4A159D}"
EndProject
Project("{FAE04EC0-301F-11D3-BF4B-00C04F79EFBC}") = "Repository", "Repository\Repository.csproj", "{4596A2B3-6441-44A0-848B-31A4C25E51DB}"
EndProject
Project("{FAE04EC0-301F-11D3-BF4B-00C04F79EFBC}") = "Services", "Services\Services.csproj", "{E32AC5F8-F609-4859-97D1-47542C047860}"
EndProject
Project("{FAE04EC0-301F-11D3-BF4B-00C04F79EFBC}") = "WpfApp", "WpfApp\WpfApp.csproj", "{E7A01A3D-4186-485A-AA8A-CD91F748E2EB}"
EndProject
Project("{2150E333-8FDC-42A3-9474-1A3956D46DE8}") = "Chapter7_TreeView", "Chapter7_TreeView", "{60D93980-7E13-4571-A39D-F719C710FC0F}"
EndProject
Project("{FAE04EC0-301F-11D3-BF4B-00C04F79EFBC}") = "TreeViewWpfAPp", "TreeViewWpfAPp\TreeViewWpfAPp.csproj", "{B39302D5-EAAE-4D18-8A20-D0FA5BE3C3E2}"
EndProject
Global
	GlobalSection(SolutionConfigurationPlatforms) = preSolution
		Debug|Any CPU = Debug|Any CPU
		Release|Any CPU = Release|Any CPU
	EndGlobalSection
	GlobalSection(ProjectConfigurationPlatforms) = postSolution
		{7324F1AC-A837-4504-9F85-9227A1BA9864}.Debug|Any CPU.ActiveCfg = Debug|Any CPU
		{7324F1AC-A837-4504-9F85-9227A1BA9864}.Debug|Any CPU.Build.0 = Debug|Any CPU
		{7324F1AC-A837-4504-9F85-9227A1BA9864}.Release|Any CPU.ActiveCfg = Release|Any CPU
		{7324F1AC-A837-4504-9F85-9227A1BA9864}.Release|Any CPU.Build.0 = Release|Any CPU
		{C354C4F1-4BC3-48C9-B23F-9AC95D192C04}.Debug|Any CPU.ActiveCfg = Debug|Any CPU
		{C354C4F1-4BC3-48C9-B23F-9AC95D192C04}.Debug|Any CPU.Build.0 = Debug|Any CPU
		{C354C4F1-4BC3-48C9-B23F-9AC95D192C04}.Release|Any CPU.ActiveCfg = Release|Any CPU
		{C354C4F1-4BC3-48C9-B23F-9AC95D192C04}.Release|Any CPU.Build.0 = Release|Any CPU
		{DBFB4A50-F5AF-4F93-93F9-A9C184430418}.Debug|Any CPU.ActiveCfg = Debug|Any CPU
		{DBFB4A50-F5AF-4F93-93F9-A9C184430418}.Debug|Any CPU.Build.0 = Debug|Any CPU
		{DBFB4A50-F5AF-4F93-93F9-A9C184430418}.Release|Any CPU.ActiveCfg = Release|Any CPU
		{DBFB4A50-F5AF-4F93-93F9-A9C184430418}.Release|Any CPU.Build.0 = Release|Any CPU
		{C10CC75A-D543-48FC-A06C-1B90C39FBCC6}.Debug|Any CPU.ActiveCfg = Debug|Any CPU
		{C10CC75A-D543-48FC-A06C-1B90C39FBCC6}.Debug|Any CPU.Build.0 = Debug|Any CPU
		{C10CC75A-D543-48FC-A06C-1B90C39FBCC6}.Release|Any CPU.ActiveCfg = Release|Any CPU
		{C10CC75A-D543-48FC-A06C-1B90C39FBCC6}.Release|Any CPU.Build.0 = Release|Any CPU
		{3E11F244-3DB9-4764-91B8-D83B1B313A13}.Debug|Any CPU.ActiveCfg = Debug|Any CPU
		{3E11F244-3DB9-4764-91B8-D83B1B313A13}.Debug|Any CPU.Build.0 = Debug|Any CPU
		{3E11F244-3DB9-4764-91B8-D83B1B313A13}.Release|Any CPU.ActiveCfg = Release|Any CPU
		{3E11F244-3DB9-4764-91B8-D83B1B313A13}.Release|Any CPU.Build.0 = Release|Any CPU
		{18BA6770-0639-4FEB-8424-4F0F4F330343}.Debug|Any CPU.ActiveCfg = Debug|Any CPU
		{18BA6770-0639-4FEB-8424-4F0F4F330343}.Debug|Any CPU.Build.0 = Debug|Any CPU
		{18BA6770-0639-4FEB-8424-4F0F4F330343}.Release|Any CPU.ActiveCfg = Release|Any CPU
		{18BA6770-0639-4FEB-8424-4F0F4F330343}.Release|Any CPU.Build.0 = Release|Any CPU
		{FFC4CB45-FCCB-41FB-941A-54EB4651ED6F}.Debug|Any CPU.ActiveCfg = Debug|Any CPU
		{FFC4CB45-FCCB-41FB-941A-54EB4651ED6F}.Debug|Any CPU.Build.0 = Debug|Any CPU
		{FFC4CB45-FCCB-41FB-941A-54EB4651ED6F}.Release|Any CPU.ActiveCfg = Release|Any CPU
		{FFC4CB45-FCCB-41FB-941A-54EB4651ED6F}.Release|Any CPU.Build.0 = Release|Any CPU
		{7368AC5E-4652-49A1-AB76-54EEE9F1AA57}.Debug|Any CPU.ActiveCfg = Debug|Any CPU
		{7368AC5E-4652-49A1-AB76-54EEE9F1AA57}.Debug|Any CPU.Build.0 = Debug|Any CPU
		{7368AC5E-4652-49A1-AB76-54EEE9F1AA57}.Release|Any CPU.ActiveCfg = Release|Any CPU
		{7368AC5E-4652-49A1-AB76-54EEE9F1AA57}.Release|Any CPU.Build.0 = Release|Any CPU
		{E9951F71-9269-4AFC-866A-EB4E38CA1DF2}.Debug|Any CPU.ActiveCfg = Debug|Any CPU
		{E9951F71-9269-4AFC-866A-EB4E38CA1DF2}.Debug|Any CPU.Build.0 = Debug|Any CPU
		{E9951F71-9269-4AFC-866A-EB4E38CA1DF2}.Release|Any CPU.ActiveCfg = Release|Any CPU
		{E9951F71-9269-4AFC-866A-EB4E38CA1DF2}.Release|Any CPU.Build.0 = Release|Any CPU
		{256B72D7-5349-49A4-A4C0-14DB4441EB2C}.Debug|Any CPU.ActiveCfg = Debug|Any CPU
		{256B72D7-5349-49A4-A4C0-14DB4441EB2C}.Debug|Any CPU.Build.0 = Debug|Any CPU
		{256B72D7-5349-49A4-A4C0-14DB4441EB2C}.Release|Any CPU.ActiveCfg = Release|Any CPU
		{256B72D7-5349-49A4-A4C0-14DB4441EB2C}.Release|Any CPU.Build.0 = Release|Any CPU
		{1BDCEA32-2D2E-43DE-A746-C291199183CD}.Debug|Any CPU.ActiveCfg = Debug|Any CPU
		{1BDCEA32-2D2E-43DE-A746-C291199183CD}.Debug|Any CPU.Build.0 = Debug|Any CPU
		{1BDCEA32-2D2E-43DE-A746-C291199183CD}.Release|Any CPU.ActiveCfg = Release|Any CPU
		{1BDCEA32-2D2E-43DE-A746-C291199183CD}.Release|Any CPU.Build.0 = Release|Any CPU
		{DFB0B961-1DE8-4B19-A29E-60B35A9805C4}.Debug|Any CPU.ActiveCfg = Debug|Any CPU
		{DFB0B961-1DE8-4B19-A29E-60B35A9805C4}.Debug|Any CPU.Build.0 = Debug|Any CPU
		{DFB0B961-1DE8-4B19-A29E-60B35A9805C4}.Release|Any CPU.ActiveCfg = Release|Any CPU
		{DFB0B961-1DE8-4B19-A29E-60B35A9805C4}.Release|Any CPU.Build.0 = Release|Any CPU
		{E9FCCB7A-B5B5-4129-BB29-F11F0F2677F7}.Debug|Any CPU.ActiveCfg = Debug|Any CPU
		{E9FCCB7A-B5B5-4129-BB29-F11F0F2677F7}.Debug|Any CPU.Build.0 = Debug|Any CPU
		{E9FCCB7A-B5B5-4129-BB29-F11F0F2677F7}.Release|Any CPU.ActiveCfg = Release|Any CPU
		{E9FCCB7A-B5B5-4129-BB29-F11F0F2677F7}.Release|Any CPU.Build.0 = Release|Any CPU
		{436DD99C-B1D3-490D-84B1-ED37EEFAC1A8}.Debug|Any CPU.ActiveCfg = Debug|Any CPU
		{436DD99C-B1D3-490D-84B1-ED37EEFAC1A8}.Debug|Any CPU.Build.0 = Debug|Any CPU
		{436DD99C-B1D3-490D-84B1-ED37EEFAC1A8}.Release|Any CPU.ActiveCfg = Release|Any CPU
		{436DD99C-B1D3-490D-84B1-ED37EEFAC1A8}.Release|Any CPU.Build.0 = Release|Any CPU
		{4D1E455D-0918-4906-AF1C-8BE167DA63D4}.Debug|Any CPU.ActiveCfg = Debug|Any CPU
		{4D1E455D-0918-4906-AF1C-8BE167DA63D4}.Debug|Any CPU.Build.0 = Debug|Any CPU
		{4D1E455D-0918-4906-AF1C-8BE167DA63D4}.Release|Any CPU.ActiveCfg = Release|Any CPU
		{4D1E455D-0918-4906-AF1C-8BE167DA63D4}.Release|Any CPU.Build.0 = Release|Any CPU
		{A4941DD4-3071-4809-BA62-C31A2032B3B7}.Debug|Any CPU.ActiveCfg = Debug|Any CPU
		{A4941DD4-3071-4809-BA62-C31A2032B3B7}.Debug|Any CPU.Build.0 = Debug|Any CPU
		{A4941DD4-3071-4809-BA62-C31A2032B3B7}.Release|Any CPU.ActiveCfg = Release|Any CPU
		{A4941DD4-3071-4809-BA62-C31A2032B3B7}.Release|Any CPU.Build.0 = Release|Any CPU
		{CC6884B0-DEA7-4169-A2ED-7A8FE4454D24}.Debug|Any CPU.ActiveCfg = Debug|Any CPU
		{CC6884B0-DEA7-4169-A2ED-7A8FE4454D24}.Debug|Any CPU.Build.0 = Debug|Any CPU
		{CC6884B0-DEA7-4169-A2ED-7A8FE4454D24}.Release|Any CPU.ActiveCfg = Release|Any CPU
		{CC6884B0-DEA7-4169-A2ED-7A8FE4454D24}.Release|Any CPU.Build.0 = Release|Any CPU
		{AC080385-0264-4853-8BDC-879CCEB5A335}.Debug|Any CPU.ActiveCfg = Debug|Any CPU
		{AC080385-0264-4853-8BDC-879CCEB5A335}.Debug|Any CPU.Build.0 = Debug|Any CPU
		{AC080385-0264-4853-8BDC-879CCEB5A335}.Release|Any CPU.ActiveCfg = Release|Any CPU
		{AC080385-0264-4853-8BDC-879CCEB5A335}.Release|Any CPU.Build.0 = Release|Any CPU
		{0330B6D7-1B23-4EFB-9728-4E0A55D9ADB1}.Debug|Any CPU.ActiveCfg = Debug|Any CPU
		{0330B6D7-1B23-4EFB-9728-4E0A55D9ADB1}.Debug|Any CPU.Build.0 = Debug|Any CPU
		{0330B6D7-1B23-4EFB-9728-4E0A55D9ADB1}.Release|Any CPU.ActiveCfg = Release|Any CPU
		{0330B6D7-1B23-4EFB-9728-4E0A55D9ADB1}.Release|Any CPU.Build.0 = Release|Any CPU
		{67263084-EB20-42CC-B834-27C578A4051B}.Debug|Any CPU.ActiveCfg = Debug|Any CPU
		{67263084-EB20-42CC-B834-27C578A4051B}.Debug|Any CPU.Build.0 = Debug|Any CPU
		{67263084-EB20-42CC-B834-27C578A4051B}.Release|Any CPU.ActiveCfg = Release|Any CPU
		{67263084-EB20-42CC-B834-27C578A4051B}.Release|Any CPU.Build.0 = Release|Any CPU
		{FCE49BEF-FD88-4A78-B18B-803038804AE6}.Debug|Any CPU.ActiveCfg = Debug|Any CPU
		{FCE49BEF-FD88-4A78-B18B-803038804AE6}.Debug|Any CPU.Build.0 = Debug|Any CPU
		{FCE49BEF-FD88-4A78-B18B-803038804AE6}.Release|Any CPU.ActiveCfg = Release|Any CPU
		{FCE49BEF-FD88-4A78-B18B-803038804AE6}.Release|Any CPU.Build.0 = Release|Any CPU
		{80746D10-D05D-443F-BFA4-B41154B86C3B}.Debug|Any CPU.ActiveCfg = Debug|Any CPU
		{80746D10-D05D-443F-BFA4-B41154B86C3B}.Debug|Any CPU.Build.0 = Debug|Any CPU
		{80746D10-D05D-443F-BFA4-B41154B86C3B}.Release|Any CPU.ActiveCfg = Release|Any CPU
		{80746D10-D05D-443F-BFA4-B41154B86C3B}.Release|Any CPU.Build.0 = Release|Any CPU
		{18EEA8B8-BBD9-47CA-A931-01955F86450F}.Debug|Any CPU.ActiveCfg = Debug|Any CPU
		{18EEA8B8-BBD9-47CA-A931-01955F86450F}.Debug|Any CPU.Build.0 = Debug|Any CPU
		{18EEA8B8-BBD9-47CA-A931-01955F86450F}.Release|Any CPU.ActiveCfg = Release|Any CPU
		{18EEA8B8-BBD9-47CA-A931-01955F86450F}.Release|Any CPU.Build.0 = Release|Any CPU
		{3FAA30BA-D47F-47D1-A3BA-8C85F7217A9E}.Debug|Any CPU.ActiveCfg = Debug|Any CPU
		{3FAA30BA-D47F-47D1-A3BA-8C85F7217A9E}.Debug|Any CPU.Build.0 = Debug|Any CPU
		{3FAA30BA-D47F-47D1-A3BA-8C85F7217A9E}.Release|Any CPU.ActiveCfg = Release|Any CPU
		{3FAA30BA-D47F-47D1-A3BA-8C85F7217A9E}.Release|Any CPU.Build.0 = Release|Any CPU
		{3A7D2973-5673-4BCB-984D-8B64B3DEAFAB}.Debug|Any CPU.ActiveCfg = Debug|Any CPU
		{3A7D2973-5673-4BCB-984D-8B64B3DEAFAB}.Debug|Any CPU.Build.0 = Debug|Any CPU
		{3A7D2973-5673-4BCB-984D-8B64B3DEAFAB}.Release|Any CPU.ActiveCfg = Release|Any CPU
		{3A7D2973-5673-4BCB-984D-8B64B3DEAFAB}.Release|Any CPU.Build.0 = Release|Any CPU
		{11F6B732-D241-4B30-A87D-DF829EC2FF84}.Debug|Any CPU.ActiveCfg = Debug|Any CPU
		{11F6B732-D241-4B30-A87D-DF829EC2FF84}.Debug|Any CPU.Build.0 = Debug|Any CPU
		{11F6B732-D241-4B30-A87D-DF829EC2FF84}.Release|Any CPU.ActiveCfg = Release|Any CPU
		{11F6B732-D241-4B30-A87D-DF829EC2FF84}.Release|Any CPU.Build.0 = Release|Any CPU
		{4061713C-AA9E-47AF-B7BD-659FDB4766B2}.Debug|Any CPU.ActiveCfg = Debug|Any CPU
		{4061713C-AA9E-47AF-B7BD-659FDB4766B2}.Debug|Any CPU.Build.0 = Debug|Any CPU
		{4061713C-AA9E-47AF-B7BD-659FDB4766B2}.Release|Any CPU.ActiveCfg = Release|Any CPU
		{4061713C-AA9E-47AF-B7BD-659FDB4766B2}.Release|Any CPU.Build.0 = Release|Any CPU
		{B741B18C-82C7-476A-8BFC-CAB12C946762}.Debug|Any CPU.ActiveCfg = Debug|Any CPU
		{B741B18C-82C7-476A-8BFC-CAB12C946762}.Debug|Any CPU.Build.0 = Debug|Any CPU
		{B741B18C-82C7-476A-8BFC-CAB12C946762}.Release|Any CPU.ActiveCfg = Release|Any CPU
		{B741B18C-82C7-476A-8BFC-CAB12C946762}.Release|Any CPU.Build.0 = Release|Any CPU
		{FCFE597C-AC38-4B5B-8899-F311249EE6AA}.Debug|Any CPU.ActiveCfg = Debug|Any CPU
		{FCFE597C-AC38-4B5B-8899-F311249EE6AA}.Debug|Any CPU.Build.0 = Debug|Any CPU
		{FCFE597C-AC38-4B5B-8899-F311249EE6AA}.Release|Any CPU.ActiveCfg = Release|Any CPU
		{FCFE597C-AC38-4B5B-8899-F311249EE6AA}.Release|Any CPU.Build.0 = Release|Any CPU
		{D76583C0-F394-41AC-834B-8535A27FD9D1}.Debug|Any CPU.ActiveCfg = Debug|Any CPU
		{D76583C0-F394-41AC-834B-8535A27FD9D1}.Debug|Any CPU.Build.0 = Debug|Any CPU
		{D76583C0-F394-41AC-834B-8535A27FD9D1}.Release|Any CPU.ActiveCfg = Release|Any CPU
		{D76583C0-F394-41AC-834B-8535A27FD9D1}.Release|Any CPU.Build.0 = Release|Any CPU
		{1598996B-0194-4910-9F0B-FD50BC608709}.Debug|Any CPU.ActiveCfg = Debug|Any CPU
		{1598996B-0194-4910-9F0B-FD50BC608709}.Debug|Any CPU.Build.0 = Debug|Any CPU
		{1598996B-0194-4910-9F0B-FD50BC608709}.Release|Any CPU.ActiveCfg = Release|Any CPU
		{1598996B-0194-4910-9F0B-FD50BC608709}.Release|Any CPU.Build.0 = Release|Any CPU
		{B6A40D45-D671-47D6-8E2A-85DFA52D1041}.Debug|Any CPU.ActiveCfg = Debug|Any CPU
		{B6A40D45-D671-47D6-8E2A-85DFA52D1041}.Debug|Any CPU.Build.0 = Debug|Any CPU
		{B6A40D45-D671-47D6-8E2A-85DFA52D1041}.Release|Any CPU.ActiveCfg = Release|Any CPU
		{B6A40D45-D671-47D6-8E2A-85DFA52D1041}.Release|Any CPU.Build.0 = Release|Any CPU
		{770A2B9F-70F0-4E5E-BBE2-8CACC945C439}.Debug|Any CPU.ActiveCfg = Debug|Any CPU
		{770A2B9F-70F0-4E5E-BBE2-8CACC945C439}.Debug|Any CPU.Build.0 = Debug|Any CPU
		{770A2B9F-70F0-4E5E-BBE2-8CACC945C439}.Release|Any CPU.ActiveCfg = Release|Any CPU
		{770A2B9F-70F0-4E5E-BBE2-8CACC945C439}.Release|Any CPU.Build.0 = Release|Any CPU
		{F5CF225F-6108-4032-BC0D-1E4C7B2E0D2C}.Debug|Any CPU.ActiveCfg = Debug|Any CPU
		{F5CF225F-6108-4032-BC0D-1E4C7B2E0D2C}.Debug|Any CPU.Build.0 = Debug|Any CPU
		{F5CF225F-6108-4032-BC0D-1E4C7B2E0D2C}.Release|Any CPU.ActiveCfg = Release|Any CPU
		{F5CF225F-6108-4032-BC0D-1E4C7B2E0D2C}.Release|Any CPU.Build.0 = Release|Any CPU
		{B856AD57-1D54-431A-8F14-1D06D34125FF}.Debug|Any CPU.ActiveCfg = Debug|Any CPU
		{B856AD57-1D54-431A-8F14-1D06D34125FF}.Debug|Any CPU.Build.0 = Debug|Any CPU
		{B856AD57-1D54-431A-8F14-1D06D34125FF}.Release|Any CPU.ActiveCfg = Release|Any CPU
		{B856AD57-1D54-431A-8F14-1D06D34125FF}.Release|Any CPU.Build.0 = Release|Any CPU
		{4B70A494-2726-4A5F-BD46-06948D51B696}.Debug|Any CPU.ActiveCfg = Debug|Any CPU
		{4B70A494-2726-4A5F-BD46-06948D51B696}.Debug|Any CPU.Build.0 = Debug|Any CPU
		{4B70A494-2726-4A5F-BD46-06948D51B696}.Release|Any CPU.ActiveCfg = Release|Any CPU
		{4B70A494-2726-4A5F-BD46-06948D51B696}.Release|Any CPU.Build.0 = Release|Any CPU
		{5738A00A-4E3F-4A72-9C13-8DEADA4A159D}.Debug|Any CPU.ActiveCfg = Debug|Any CPU
		{5738A00A-4E3F-4A72-9C13-8DEADA4A159D}.Debug|Any CPU.Build.0 = Debug|Any CPU
		{5738A00A-4E3F-4A72-9C13-8DEADA4A159D}.Release|Any CPU.ActiveCfg = Release|Any CPU
		{5738A00A-4E3F-4A72-9C13-8DEADA4A159D}.Release|Any CPU.Build.0 = Release|Any CPU
		{4596A2B3-6441-44A0-848B-31A4C25E51DB}.Debug|Any CPU.ActiveCfg = Debug|Any CPU
		{4596A2B3-6441-44A0-848B-31A4C25E51DB}.Debug|Any CPU.Build.0 = Debug|Any CPU
		{4596A2B3-6441-44A0-848B-31A4C25E51DB}.Release|Any CPU.ActiveCfg = Release|Any CPU
		{4596A2B3-6441-44A0-848B-31A4C25E51DB}.Release|Any CPU.Build.0 = Release|Any CPU
		{E32AC5F8-F609-4859-97D1-47542C047860}.Debug|Any CPU.ActiveCfg = Debug|Any CPU
		{E32AC5F8-F609-4859-97D1-47542C047860}.Debug|Any CPU.Build.0 = Debug|Any CPU
		{E32AC5F8-F609-4859-97D1-47542C047860}.Release|Any CPU.ActiveCfg = Release|Any CPU
		{E32AC5F8-F609-4859-97D1-47542C047860}.Release|Any CPU.Build.0 = Release|Any CPU
		{E7A01A3D-4186-485A-AA8A-CD91F748E2EB}.Debug|Any CPU.ActiveCfg = Debug|Any CPU
		{E7A01A3D-4186-485A-AA8A-CD91F748E2EB}.Debug|Any CPU.Build.0 = Debug|Any CPU
		{E7A01A3D-4186-485A-AA8A-CD91F748E2EB}.Release|Any CPU.ActiveCfg = Release|Any CPU
		{E7A01A3D-4186-485A-AA8A-CD91F748E2EB}.Release|Any CPU.Build.0 = Release|Any CPU
		{B39302D5-EAAE-4D18-8A20-D0FA5BE3C3E2}.Debug|Any CPU.ActiveCfg = Debug|Any CPU
		{B39302D5-EAAE-4D18-8A20-D0FA5BE3C3E2}.Debug|Any CPU.Build.0 = Debug|Any CPU
		{B39302D5-EAAE-4D18-8A20-D0FA5BE3C3E2}.Release|Any CPU.ActiveCfg = Release|Any CPU
		{B39302D5-EAAE-4D18-8A20-D0FA5BE3C3E2}.Release|Any CPU.Build.0 = Release|Any CPU
	EndGlobalSection
	GlobalSection(SolutionProperties) = preSolution
		HideSolutionNode = FALSE
	EndGlobalSection
	GlobalSection(NestedProjects) = preSolution
		{67263084-EB20-42CC-B834-27C578A4051B} = {5C91DA86-DACF-42B6-AFFF-EDE34D6FE2C3}
		{FCE49BEF-FD88-4A78-B18B-803038804AE6} = {5C91DA86-DACF-42B6-AFFF-EDE34D6FE2C3}
		{80746D10-D05D-443F-BFA4-B41154B86C3B} = {5C91DA86-DACF-42B6-AFFF-EDE34D6FE2C3}
		{18EEA8B8-BBD9-47CA-A931-01955F86450F} = {5C91DA86-DACF-42B6-AFFF-EDE34D6FE2C3}
		{3FAA30BA-D47F-47D1-A3BA-8C85F7217A9E} = {5C91DA86-DACF-42B6-AFFF-EDE34D6FE2C3}
		{3A7D2973-5673-4BCB-984D-8B64B3DEAFAB} = {5C91DA86-DACF-42B6-AFFF-EDE34D6FE2C3}
		{11F6B732-D241-4B30-A87D-DF829EC2FF84} = {8F8F7A7A-4653-469A-A306-382E5FDE3329}
		{4061713C-AA9E-47AF-B7BD-659FDB4766B2} = {8F8F7A7A-4653-469A-A306-382E5FDE3329}
		{B741B18C-82C7-476A-8BFC-CAB12C946762} = {8F8F7A7A-4653-469A-A306-382E5FDE3329}
		{FCFE597C-AC38-4B5B-8899-F311249EE6AA} = {8F8F7A7A-4653-469A-A306-382E5FDE3329}
		{D76583C0-F394-41AC-834B-8535A27FD9D1} = {8F8F7A7A-4653-469A-A306-382E5FDE3329}
		{1598996B-0194-4910-9F0B-FD50BC608709} = {CC631AF3-CF68-4491-8F79-92E6CB8A5964}
		{B6A40D45-D671-47D6-8E2A-85DFA52D1041} = {CC631AF3-CF68-4491-8F79-92E6CB8A5964}
		{770A2B9F-70F0-4E5E-BBE2-8CACC945C439} = {CC631AF3-CF68-4491-8F79-92E6CB8A5964}
		{F5CF225F-6108-4032-BC0D-1E4C7B2E0D2C} = {CC631AF3-CF68-4491-8F79-92E6CB8A5964}
		{B856AD57-1D54-431A-8F14-1D06D34125FF} = {CC631AF3-CF68-4491-8F79-92E6CB8A5964}
		{4B70A494-2726-4A5F-BD46-06948D51B696} = {B014E3CC-F492-4582-9E4E-E0ADC7BC96CE}
		{5738A00A-4E3F-4A72-9C13-8DEADA4A159D} = {B014E3CC-F492-4582-9E4E-E0ADC7BC96CE}
		{4596A2B3-6441-44A0-848B-31A4C25E51DB} = {B014E3CC-F492-4582-9E4E-E0ADC7BC96CE}
		{E32AC5F8-F609-4859-97D1-47542C047860} = {B014E3CC-F492-4582-9E4E-E0ADC7BC96CE}
		{E7A01A3D-4186-485A-AA8A-CD91F748E2EB} = {B014E3CC-F492-4582-9E4E-E0ADC7BC96CE}
		{B39302D5-EAAE-4D18-8A20-D0FA5BE3C3E2} = {60D93980-7E13-4571-A39D-F719C710FC0F}
	EndGlobalSection
EndGlobal
